
Microsoft Visual Studio Solution File, Format Version 12.00
# Visual Studio Version 17
VisualStudioVersion = 17.3.32929.385
MinimumVisualStudioVersion = 10.0.40219.1
Project("{FAE04EC0-301F-11D3-BF4B-00C04F79EFBC}") = "Function", "Function.csproj", "{63C898A3-C6A3-43FF-A060-93E6FF3E4976}"
EndProject
Project("{FAE04EC0-301F-11D3-BF4B-00C04F79EFBC}") = "UnitTest", "..\UnitTest\UnitTest.csproj", "{8C58D964-4122-481B-9B74-197CEF6ADBB0}"
EndProject
Project("{FAE04EC0-301F-11D3-BF4B-00C04F79EFBC}") = "Aplication", "..\Aplication\Aplication.csproj", "{00379B29-8F13-4D0C-AA98-F6EF7331C492}"
EndProject
Global
	GlobalSection(SolutionConfigurationPlatforms) = preSolution
		Debug|Any CPU = Debug|Any CPU
		Release|Any CPU = Release|Any CPU
	EndGlobalSection
	GlobalSection(ProjectConfigurationPlatforms) = postSolution
		{63C898A3-C6A3-43FF-A060-93E6FF3E4976}.Debug|Any CPU.ActiveCfg = Debug|Any CPU
		{63C898A3-C6A3-43FF-A060-93E6FF3E4976}.Debug|Any CPU.Build.0 = Debug|Any CPU
		{63C898A3-C6A3-43FF-A060-93E6FF3E4976}.Release|Any CPU.ActiveCfg = Release|Any CPU
		{63C898A3-C6A3-43FF-A060-93E6FF3E4976}.Release|Any CPU.Build.0 = Release|Any CPU
		{8C58D964-4122-481B-9B74-197CEF6ADBB0}.Debug|Any CPU.ActiveCfg = Debug|Any CPU
		{8C58D964-4122-481B-9B74-197CEF6ADBB0}.Debug|Any CPU.Build.0 = Debug|Any CPU
		{8C58D964-4122-481B-9B74-197CEF6ADBB0}.Release|Any CPU.ActiveCfg = Release|Any CPU
		{8C58D964-4122-481B-9B74-197CEF6ADBB0}.Release|Any CPU.Build.0 = Release|Any CPU
		{00379B29-8F13-4D0C-AA98-F6EF7331C492}.Debug|Any CPU.ActiveCfg = Debug|Any CPU
		{00379B29-8F13-4D0C-AA98-F6EF7331C492}.Debug|Any CPU.Build.0 = Debug|Any CPU
		{00379B29-8F13-4D0C-AA98-F6EF7331C492}.Release|Any CPU.ActiveCfg = Release|Any CPU
		{00379B29-8F13-4D0C-AA98-F6EF7331C492}.Release|Any CPU.Build.0 = Release|Any CPU
	EndGlobalSection
	GlobalSection(SolutionProperties) = preSolution
		HideSolutionNode = FALSE
	EndGlobalSection
	GlobalSection(ExtensibilityGlobals) = postSolution
		SolutionGuid = {84A1D91C-2FB6-4313-9CF7-E1BE94269455}
	EndGlobalSection
EndGlobal
